<?xml version="1.0" encoding="utf-8"?>
<Project ToolsVersion="4.0" xmlns="http://schemas.microsoft.com/developer/msbuild/2003">
  <ItemGroup>
    <Filter Include="Source Files">
      <UniqueIdentifier>{4FC737F1-C7A5-4376-A066-2A32D752A2FF}</UniqueIdentifier>
      <Extensions>cpp;c;cc;cxx;c++;cppm;ixx;def;odl;idl;hpj;bat;asm;asmx</Extensions>
    </Filter>
    <Filter Include="Header Files">
      <UniqueIdentifier>{93995380-89BD-4b04-88EB-625FBE52EBFB}</UniqueIdentifier>
      <Extensions>h;hh;hpp;hxx;h++;hm;inl;inc;ipp;xsd</Extensions>
    </Filter>
    <Filter Include="Resource Files">
      <UniqueIdentifier>{67DA6AB6-F800-4c08-8B7A-83BB121AAD01}</UniqueIdentifier>
      <Extensions>rc;ico;cur;bmp;dlg;rc2;rct;bin;rgs;gif;jpg;jpeg;jpe;resx;tiff;tif;png;wav;mfcribbon-ms</Extensions>
    </Filter>
  </ItemGroup>
  <ItemGroup>
    <ClInclude Include="include\zen\core\xors.hpp">
      <Filter>Header Files</Filter>
    </ClInclude>
    <ClInclude Include="include\zen\core\bit.hpp">
      <Filter>Header Files</Filter>
    </ClInclude>
    <ClInclude Include="include\zen\core\definitions.h">
      <Filter>Header Files</Filter>
    </ClInclude>
    <ClInclude Include="include\zen\core\fnv.hpp">
      <Filter>Header Files</Filter>
    </ClInclude>
    <ClInclude Include="include\zen\core\requirements.hpp">
      <Filter>Header Files</Filter>
    </ClInclude>
    <ClInclude Include="include\zen\coff\version.hpp">
      <Filter>Header Files</Filter>
    </ClInclude>
    <ClInclude Include="include\zen\coff\file_header.hpp">
      <Filter>Header Files</Filter>
    </ClInclude>
    <ClInclude Include="include\zen\coff\reloc.hpp">
      <Filter>Header Files</Filter>
    </ClInclude>
    <ClInclude Include="include\zen\coff\section_header.hpp">
      <Filter>Header Files</Filter>
    </ClInclude>
    <ClInclude Include="include\zen\coff\string.hpp">
      <Filter>Header Files</Filter>
    </ClInclude>
    <ClInclude Include="include\zen\coff\symbol.hpp">
      <Filter>Header Files</Filter>
    </ClInclude>
    <ClInclude Include="include\zen\nt\directories\delay_load.hpp">
      <Filter>Header Files</Filter>
    </ClInclude>
    <ClInclude Include="include\zen\nt\directories\exports.hpp">
      <Filter>Header Files</Filter>
    </ClInclude>
    <ClInclude Include="include\zen\nt\directories\iat.hpp">
      <Filter>Header Files</Filter>
    </ClInclude>
    <ClInclude Include="include\zen\nt\directories\imports.hpp">
      <Filter>Header Files</Filter>
    </ClInclude>
    <ClInclude Include="include\zen\nt\directories\relocs.hpp">
      <Filter>Header Files</Filter>
    </ClInclude>
    <ClInclude Include="include\zen\nt\directories\tls.hpp">
      <Filter>Header Files</Filter>
    </ClInclude>
    <ClInclude Include="include\zen\nt\data_directories.hpp">
      <Filter>Header Files</Filter>
    </ClInclude>
    <ClInclude Include="include\zen\nt\data_directory.hpp">
      <Filter>Header Files</Filter>
    </ClInclude>
    <ClInclude Include="include\zen\nt\dos_header.hpp">
      <Filter>Header Files</Filter>
    </ClInclude>
    <ClInclude Include="include\zen\nt\image.hpp">
      <Filter>Header Files</Filter>
    </ClInclude>
    <ClInclude Include="include\zen\nt\iterator.hpp">
      <Filter>Header Files</Filter>
    </ClInclude>
    <ClInclude Include="include\zen\nt\nt_headers.hpp">
      <Filter>Header Files</Filter>
    </ClInclude>
    <ClInclude Include="include\zen\nt\optional_header.hpp">
      <Filter>Header Files</Filter>
    </ClInclude>
    <ClInclude Include="include\zen\platform\rtl\ldr_data_table_entry.hpp">
      <Filter>Header Files</Filter>
    </ClInclude>
    <ClInclude Include="include\zen\platform\rtl\list_entry.hpp">
      <Filter>Header Files</Filter>
    </ClInclude>
    <ClInclude Include="include\zen\platform\rtl\peb.hpp">
      <Filter>Header Files</Filter>
    </ClInclude>
    <ClInclude Include="include\zen\platform\rtl\peb_ldr_data.hpp">
      <Filter>Header Files</Filter>
    </ClInclude>
    <ClInclude Include="include\zen\platform\rtl\string.hpp">
      <Filter>Header Files</Filter>
    </ClInclude>
    <ClInclude Include="include\zen\platform\rtl\user_process_parameters.hpp">
      <Filter>Header Files</Filter>
    </ClInclude>
    <ClInclude Include="include\zen\platform\windows.hpp">
      <Filter>Header Files</Filter>
    </ClInclude>
    <ClInclude Include="include\zen\platform\rtl\client_id.hpp">
      <Filter>Header Files</Filter>
    </ClInclude>
    <ClInclude Include="include\zen\platform\rtl\context.hpp">
      <Filter>Header Files</Filter>
    </ClInclude>
    <ClInclude Include="include\zen\platform\rtl\io_counters.hpp">
      <Filter>Header Files</Filter>
    </ClInclude>
    <ClInclude Include="include\zen\platform\rtl\io_status_block.hpp">
      <Filter>Header Files</Filter>
    </ClInclude>
    <ClInclude Include="include\zen\platform\rtl\large_integer.hpp">
      <Filter>Header Files</Filter>
    </ClInclude>
    <ClInclude Include="include\zen\platform\rtl\memory_basic_information.hpp">
      <Filter>Header Files</Filter>
    </ClInclude>
    <ClInclude Include="include\zen\platform\rtl\object_attributes.hpp">
      <Filter>Header Files</Filter>
    </ClInclude>
    <ClInclude Include="include\zen\platform\rtl\object_basic_information.hpp">
      <Filter>Header Files</Filter>
    </ClInclude>
    <ClInclude Include="include\zen\platform\rtl\process_basic_information.hpp">
      <Filter>Header Files</Filter>
    </ClInclude>
    <ClInclude Include="include\zen\platform\rtl\section_basic_information.hpp">
      <Filter>Header Files</Filter>
    </ClInclude>
    <ClInclude Include="include\zen\platform\rtl\system_process_information.hpp">
      <Filter>Header Files</Filter>
    </ClInclude>
    <ClInclude Include="include\zen\platform\rtl\system_thread_information.hpp">
      <Filter>Header Files</Filter>
    </ClInclude>
    <ClInclude Include="include\zen\platform\rtl\thread_basic_information.hpp">
      <Filter>Header Files</Filter>
    </ClInclude>
    <ClInclude Include="include\zen\platform\rtl\vm_counters.hpp">
      <Filter>Header Files</Filter>
    </ClInclude>
    <ClInclude Include="include\zen\platform\heavensgate.hpp">
      <Filter>Header Files</Filter>
    </ClInclude>
    <ClInclude Include="include\zen\platform\constants.hpp">
      <Filter>Header Files</Filter>
    </ClInclude>
    <ClInclude Include="include\zen\platform\syscall.hpp">
      <Filter>Header Files</Filter>
    </ClInclude>
    <ClInclude Include="include\zen\platform\common\status_code.hpp">
      <Filter>Header Files</Filter>
    </ClInclude>
    <ClInclude Include="include\zen\platform\common\handle_guard.hpp">
      <Filter>Header Files</Filter>
    </ClInclude>
    <ClInclude Include="include\zen\platform\common\com_ptr.hpp">
      <Filter>Header Files</Filter>
    </ClInclude>
    <ClInclude Include="include\zen\platform\common\memory_section.hpp">
      <Filter>Header Files</Filter>
    </ClInclude>
    <ClInclude Include="include\zen\platform\common\memory_guard.hpp">
      <Filter>Header Files</Filter>
    </ClInclude>
    <ClInclude Include="include\zen\platform\common\protection_guard.hpp">
      <Filter>Header Files</Filter>
    </ClInclude>
  </ItemGroup>
  <ItemGroup>
    <ClCompile Include="src\platform\windows.cpp">
      <Filter>Source Files</Filter>
    </ClCompile>
    <ClCompile Include="src\platform\heavensgate.cpp">
      <Filter>Source Files</Filter>
    </ClCompile>
    <ClCompile Include="src\platform\syscall.cpp">
      <Filter>Source Files</Filter>
    </ClCompile>
    <ClCompile Include="src\platform\memory_section.cpp">
      <Filter>Source Files</Filter>
    </ClCompile>
  </ItemGroup>
  <ItemGroup>
    <MASM Include="src\platform\syscall64.asm">
      <Filter>Source Files</Filter>
    </MASM>
  </ItemGroup>
</Project>